
Microsoft Visual Studio Solution File, Format Version 12.00
# Visual Studio Version 16
VisualStudioVersion = 16.0.29519.181
MinimumVisualStudioVersion = 10.0.40219.1
Project("{9A19103F-16F7-4668-BE54-9A1E7A4F7556}") = "RDBMS_Oracle", "Database_Oracle\RDBMS_Oracle.csproj", "{DEF7EE6C-42D0-4CD1-B1B4-3BE1DC0EE2FB}"
EndProject
Project("{9A19103F-16F7-4668-BE54-9A1E7A4F7556}") = "RDAMS_Item", "Database_Item\RDAMS_Item.csproj", "{D0432980-7887-41A9-A9A7-3F302575E456}"
EndProject
Project("{9A19103F-16F7-4668-BE54-9A1E7A4F7556}") = "RDBMS_Mysql", "Database_Mysql\RDBMS_Mysql.csproj", "{ACF4CE22-AA09-40AA-9766-260F5A642E16}"
EndProject
Project("{9A19103F-16F7-4668-BE54-9A1E7A4F7556}") = "Convertors", "Converter\Convertors.csproj", "{467F1E79-F2A6-4C6B-8229-62BE70C5BF2B}"
EndProject
Project("{9A19103F-16F7-4668-BE54-9A1E7A4F7556}") = "Security", "Security\Security.csproj", "{8637DEA6-1471-40FF-8152-E82315025C18}"
EndProject
Project("{9A19103F-16F7-4668-BE54-9A1E7A4F7556}") = "API", "REST_API\API.csproj", "{6DC40480-6A11-4E53-83D2-BDA2A8D1CEE8}"
EndProject
Project("{FAE04EC0-301F-11D3-BF4B-00C04F79EFBC}") = "WPF_TEST", "WPF_TEST\WPF_TEST.csproj", "{26029E40-C1CF-4EE1-9745-38E19E05DA2B}"
EndProject
Project("{9A19103F-16F7-4668-BE54-9A1E7A4F7556}") = "FTP", "FTP\FTP.csproj", "{7724B0EF-AE93-4958-A8C0-8EDD2EBE0347}"
EndProject
Project("{9A19103F-16F7-4668-BE54-9A1E7A4F7556}") = "Compress", "Compress\Compress.csproj", "{83526CAB-BFFB-400F-8CB4-DE6C427E2C3B}"
EndProject
Project("{9A19103F-16F7-4668-BE54-9A1E7A4F7556}") = "XAML_Converter", "XAML_Converter\XAML_Converter.csproj", "{7BA4EE0B-8BC7-438C-9B13-1891C85F7225}"
EndProject
Project("{9A19103F-16F7-4668-BE54-9A1E7A4F7556}") = "BSON_MongoDB", "BSON_MongoDB\BSON_MongoDB.csproj", "{405B21D7-8923-4038-9B44-A1920465AC60}"
EndProject
Project("{FAE04EC0-301F-11D3-BF4B-00C04F79EFBC}") = "WPF_Controls", "WPF_Controls\WPF_Controls.csproj", "{B3358C05-A639-4740-955B-C930F5C8E743}"
EndProject
Project("{9A19103F-16F7-4668-BE54-9A1E7A4F7556}") = "Email", "Email\Email.csproj", "{66986033-8DAF-4FBA-82EF-F24AD1DF88ED}"
EndProject
Project("{FAE04EC0-301F-11D3-BF4B-00C04F79EFBC}") = "RDBMS_Postgre", "RDBMS_Postgre\RDBMS_Postgre.csproj", "{60376726-280D-4E36-84F0-793781490272}"
EndProject
Global
	GlobalSection(SolutionConfigurationPlatforms) = preSolution
		Debug|Any CPU = Debug|Any CPU
		Release|Any CPU = Release|Any CPU
	EndGlobalSection
	GlobalSection(ProjectConfigurationPlatforms) = postSolution
		{DEF7EE6C-42D0-4CD1-B1B4-3BE1DC0EE2FB}.Debug|Any CPU.ActiveCfg = Debug|Any CPU
		{DEF7EE6C-42D0-4CD1-B1B4-3BE1DC0EE2FB}.Debug|Any CPU.Build.0 = Debug|Any CPU
		{DEF7EE6C-42D0-4CD1-B1B4-3BE1DC0EE2FB}.Release|Any CPU.ActiveCfg = Release|Any CPU
		{DEF7EE6C-42D0-4CD1-B1B4-3BE1DC0EE2FB}.Release|Any CPU.Build.0 = Release|Any CPU
		{D0432980-7887-41A9-A9A7-3F302575E456}.Debug|Any CPU.ActiveCfg = Debug|Any CPU
		{D0432980-7887-41A9-A9A7-3F302575E456}.Debug|Any CPU.Build.0 = Debug|Any CPU
		{D0432980-7887-41A9-A9A7-3F302575E456}.Release|Any CPU.ActiveCfg = Release|Any CPU
		{D0432980-7887-41A9-A9A7-3F302575E456}.Release|Any CPU.Build.0 = Release|Any CPU
		{ACF4CE22-AA09-40AA-9766-260F5A642E16}.Debug|Any CPU.ActiveCfg = Debug|Any CPU
		{ACF4CE22-AA09-40AA-9766-260F5A642E16}.Debug|Any CPU.Build.0 = Debug|Any CPU
		{ACF4CE22-AA09-40AA-9766-260F5A642E16}.Release|Any CPU.ActiveCfg = Release|Any CPU
		{ACF4CE22-AA09-40AA-9766-260F5A642E16}.Release|Any CPU.Build.0 = Release|Any CPU
		{467F1E79-F2A6-4C6B-8229-62BE70C5BF2B}.Debug|Any CPU.ActiveCfg = Debug|Any CPU
		{467F1E79-F2A6-4C6B-8229-62BE70C5BF2B}.Debug|Any CPU.Build.0 = Debug|Any CPU
		{467F1E79-F2A6-4C6B-8229-62BE70C5BF2B}.Release|Any CPU.ActiveCfg = Release|Any CPU
		{467F1E79-F2A6-4C6B-8229-62BE70C5BF2B}.Release|Any CPU.Build.0 = Release|Any CPU
		{8637DEA6-1471-40FF-8152-E82315025C18}.Debug|Any CPU.ActiveCfg = Debug|Any CPU
		{8637DEA6-1471-40FF-8152-E82315025C18}.Debug|Any CPU.Build.0 = Debug|Any CPU
		{8637DEA6-1471-40FF-8152-E82315025C18}.Release|Any CPU.ActiveCfg = Release|Any CPU
		{8637DEA6-1471-40FF-8152-E82315025C18}.Release|Any CPU.Build.0 = Release|Any CPU
		{6DC40480-6A11-4E53-83D2-BDA2A8D1CEE8}.Debug|Any CPU.ActiveCfg = Debug|Any CPU
		{6DC40480-6A11-4E53-83D2-BDA2A8D1CEE8}.Debug|Any CPU.Build.0 = Debug|Any CPU
		{6DC40480-6A11-4E53-83D2-BDA2A8D1CEE8}.Release|Any CPU.ActiveCfg = Release|Any CPU
		{6DC40480-6A11-4E53-83D2-BDA2A8D1CEE8}.Release|Any CPU.Build.0 = Release|Any CPU
		{26029E40-C1CF-4EE1-9745-38E19E05DA2B}.Debug|Any CPU.ActiveCfg = Debug|Any CPU
		{26029E40-C1CF-4EE1-9745-38E19E05DA2B}.Debug|Any CPU.Build.0 = Debug|Any CPU
		{26029E40-C1CF-4EE1-9745-38E19E05DA2B}.Release|Any CPU.ActiveCfg = Release|Any CPU
		{26029E40-C1CF-4EE1-9745-38E19E05DA2B}.Release|Any CPU.Build.0 = Release|Any CPU
		{7724B0EF-AE93-4958-A8C0-8EDD2EBE0347}.Debug|Any CPU.ActiveCfg = Debug|Any CPU
		{7724B0EF-AE93-4958-A8C0-8EDD2EBE0347}.Debug|Any CPU.Build.0 = Debug|Any CPU
		{7724B0EF-AE93-4958-A8C0-8EDD2EBE0347}.Release|Any CPU.ActiveCfg = Release|Any CPU
		{7724B0EF-AE93-4958-A8C0-8EDD2EBE0347}.Release|Any CPU.Build.0 = Release|Any CPU
		{83526CAB-BFFB-400F-8CB4-DE6C427E2C3B}.Debug|Any CPU.ActiveCfg = Debug|Any CPU
		{83526CAB-BFFB-400F-8CB4-DE6C427E2C3B}.Debug|Any CPU.Build.0 = Debug|Any CPU
		{83526CAB-BFFB-400F-8CB4-DE6C427E2C3B}.Release|Any CPU.ActiveCfg = Release|Any CPU
		{83526CAB-BFFB-400F-8CB4-DE6C427E2C3B}.Release|Any CPU.Build.0 = Release|Any CPU
		{7BA4EE0B-8BC7-438C-9B13-1891C85F7225}.Debug|Any CPU.ActiveCfg = Debug|Any CPU
		{7BA4EE0B-8BC7-438C-9B13-1891C85F7225}.Debug|Any CPU.Build.0 = Debug|Any CPU
		{7BA4EE0B-8BC7-438C-9B13-1891C85F7225}.Release|Any CPU.ActiveCfg = Release|Any CPU
		{7BA4EE0B-8BC7-438C-9B13-1891C85F7225}.Release|Any CPU.Build.0 = Release|Any CPU
		{405B21D7-8923-4038-9B44-A1920465AC60}.Debug|Any CPU.ActiveCfg = Debug|Any CPU
		{405B21D7-8923-4038-9B44-A1920465AC60}.Debug|Any CPU.Build.0 = Debug|Any CPU
		{405B21D7-8923-4038-9B44-A1920465AC60}.Release|Any CPU.ActiveCfg = Release|Any CPU
		{405B21D7-8923-4038-9B44-A1920465AC60}.Release|Any CPU.Build.0 = Release|Any CPU
		{B3358C05-A639-4740-955B-C930F5C8E743}.Debug|Any CPU.ActiveCfg = Debug|Any CPU
		{B3358C05-A639-4740-955B-C930F5C8E743}.Debug|Any CPU.Build.0 = Debug|Any CPU
		{B3358C05-A639-4740-955B-C930F5C8E743}.Release|Any CPU.ActiveCfg = Release|Any CPU
		{B3358C05-A639-4740-955B-C930F5C8E743}.Release|Any CPU.Build.0 = Release|Any CPU
		{66986033-8DAF-4FBA-82EF-F24AD1DF88ED}.Debug|Any CPU.ActiveCfg = Debug|Any CPU
		{66986033-8DAF-4FBA-82EF-F24AD1DF88ED}.Debug|Any CPU.Build.0 = Debug|Any CPU
		{66986033-8DAF-4FBA-82EF-F24AD1DF88ED}.Release|Any CPU.ActiveCfg = Release|Any CPU
		{66986033-8DAF-4FBA-82EF-F24AD1DF88ED}.Release|Any CPU.Build.0 = Release|Any CPU
		{60376726-280D-4E36-84F0-793781490272}.Debug|Any CPU.ActiveCfg = Debug|Any CPU
		{60376726-280D-4E36-84F0-793781490272}.Debug|Any CPU.Build.0 = Debug|Any CPU
		{60376726-280D-4E36-84F0-793781490272}.Release|Any CPU.ActiveCfg = Release|Any CPU
		{60376726-280D-4E36-84F0-793781490272}.Release|Any CPU.Build.0 = Release|Any CPU
	EndGlobalSection
	GlobalSection(SolutionProperties) = preSolution
		HideSolutionNode = FALSE
	EndGlobalSection
	GlobalSection(ExtensibilityGlobals) = postSolution
		SolutionGuid = {589F66B0-64B9-4766-8345-B283BFD708B6}
	EndGlobalSection
EndGlobal
